
Microsoft Visual Studio Solution File, Format Version 12.00
# Visual Studio Version 16
VisualStudioVersion = 16.0.30114.105
MinimumVisualStudioVersion = 10.0.40219.1
Project("{8BC9CEB8-8B4A-11D0-8D11-00A0C91BC942}") = "LAGRANGE", "LAGRANGE\LAGRANGE.vcxproj", "{FCB8A56B-7786-40BE-A515-77C57DF907F0}"
EndProject
Global
	GlobalSection(SolutionConfigurationPlatforms) = preSolution
		Debug|x64 = Debug|x64
		Debug|x86 = Debug|x86
		Release|x64 = Release|x64
		Release|x86 = Release|x86
	EndGlobalSection
	GlobalSection(ProjectConfigurationPlatforms) = postSolution
		{FCB8A56B-7786-40BE-A515-77C57DF907F0}.Debug|x64.ActiveCfg = Debug|x64
		{FCB8A56B-7786-40BE-A515-77C57DF907F0}.Debug|x64.Build.0 = Debug|x64
		{FCB8A56B-7786-40BE-A515-77C57DF907F0}.Debug|x86.ActiveCfg = Debug|Win32
		{FCB8A56B-7786-40BE-A515-77C57DF907F0}.Debug|x86.Build.0 = Debug|Win32
		{FCB8A56B-7786-40BE-A515-77C57DF907F0}.Release|x64.ActiveCfg = Release|x64
		{FCB8A56B-7786-40BE-A515-77C57DF907F0}.Release|x64.Build.0 = Release|x64
		{FCB8A56B-7786-40BE-A515-77C57DF907F0}.Release|x86.ActiveCfg = Release|Win32
		{FCB8A56B-7786-40BE-A515-77C57DF907F0}.Release|x86.Build.0 = Release|Win32
	EndGlobalSection
	GlobalSection(SolutionProperties) = preSolution
		HideSolutionNode = FALSE
	EndGlobalSection
	GlobalSection(ExtensibilityGlobals) = postSolution
		SolutionGuid = {D628A049-ABD8-4EDF-B2D8-84995D454E7C}
	EndGlobalSection
EndGlobal
